
Microsoft Visual Studio Solution File, Format Version 12.00
# Visual Studio Version 17
VisualStudioVersion = 17.5.33414.496
MinimumVisualStudioVersion = 10.0.40219.1
Project("{FAE04EC0-301F-11D3-BF4B-00C04F79EFBC}") = "R_SIN_GAS_ASA.Android", "R_SIN_GAS_ASA.Android\R_SIN_GAS_ASA.Android.csproj", "{916B8565-B097-455F-9C93-5642F4F9F3FE}"
EndProject
Project("{FAE04EC0-301F-11D3-BF4B-00C04F79EFBC}") = "R_SIN_GAS_ASA.iOS", "R_SIN_GAS_ASA.iOS\R_SIN_GAS_ASA.iOS.csproj", "{554D1259-6224-4FA9-ADD9-738A388568D7}"
EndProject
Project("{FAE04EC0-301F-11D3-BF4B-00C04F79EFBC}") = "R_SIN_GAS_ASA", "R_SIN_GAS_ASA\R_SIN_GAS_ASA.csproj", "{74A4B8C9-A802-4186-A5FE-4898150F00D4}"
EndProject
Global
	GlobalSection(SolutionConfigurationPlatforms) = preSolution
		Debug|Any CPU = Debug|Any CPU
		Debug|iPhone = Debug|iPhone
		Debug|iPhoneSimulator = Debug|iPhoneSimulator
		Release|Any CPU = Release|Any CPU
		Release|iPhone = Release|iPhone
		Release|iPhoneSimulator = Release|iPhoneSimulator
	EndGlobalSection
	GlobalSection(ProjectConfigurationPlatforms) = postSolution
		{916B8565-B097-455F-9C93-5642F4F9F3FE}.Debug|Any CPU.ActiveCfg = Debug|Any CPU
		{916B8565-B097-455F-9C93-5642F4F9F3FE}.Debug|Any CPU.Build.0 = Debug|Any CPU
		{916B8565-B097-455F-9C93-5642F4F9F3FE}.Debug|Any CPU.Deploy.0 = Debug|Any CPU
		{916B8565-B097-455F-9C93-5642F4F9F3FE}.Debug|iPhone.ActiveCfg = Debug|Any CPU
		{916B8565-B097-455F-9C93-5642F4F9F3FE}.Debug|iPhone.Build.0 = Debug|Any CPU
		{916B8565-B097-455F-9C93-5642F4F9F3FE}.Debug|iPhone.Deploy.0 = Debug|Any CPU
		{916B8565-B097-455F-9C93-5642F4F9F3FE}.Debug|iPhoneSimulator.ActiveCfg = Debug|Any CPU
		{916B8565-B097-455F-9C93-5642F4F9F3FE}.Debug|iPhoneSimulator.Build.0 = Debug|Any CPU
		{916B8565-B097-455F-9C93-5642F4F9F3FE}.Debug|iPhoneSimulator.Deploy.0 = Debug|Any CPU
		{916B8565-B097-455F-9C93-5642F4F9F3FE}.Release|Any CPU.ActiveCfg = Release|Any CPU
		{916B8565-B097-455F-9C93-5642F4F9F3FE}.Release|Any CPU.Build.0 = Release|Any CPU
		{916B8565-B097-455F-9C93-5642F4F9F3FE}.Release|Any CPU.Deploy.0 = Release|Any CPU
		{916B8565-B097-455F-9C93-5642F4F9F3FE}.Release|iPhone.ActiveCfg = Release|Any CPU
		{916B8565-B097-455F-9C93-5642F4F9F3FE}.Release|iPhone.Build.0 = Release|Any CPU
		{916B8565-B097-455F-9C93-5642F4F9F3FE}.Release|iPhone.Deploy.0 = Release|Any CPU
		{916B8565-B097-455F-9C93-5642F4F9F3FE}.Release|iPhoneSimulator.ActiveCfg = Release|Any CPU
		{916B8565-B097-455F-9C93-5642F4F9F3FE}.Release|iPhoneSimulator.Build.0 = Release|Any CPU
		{916B8565-B097-455F-9C93-5642F4F9F3FE}.Release|iPhoneSimulator.Deploy.0 = Release|Any CPU
		{554D1259-6224-4FA9-ADD9-738A388568D7}.Debug|Any CPU.ActiveCfg = Debug|iPhone
		{554D1259-6224-4FA9-ADD9-738A388568D7}.Debug|Any CPU.Build.0 = Debug|iPhone
		{554D1259-6224-4FA9-ADD9-738A388568D7}.Debug|Any CPU.Deploy.0 = Debug|iPhone
		{554D1259-6224-4FA9-ADD9-738A388568D7}.Debug|iPhone.ActiveCfg = Debug|iPhone
		{554D1259-6224-4FA9-ADD9-738A388568D7}.Debug|iPhone.Build.0 = Debug|iPhone
		{554D1259-6224-4FA9-ADD9-738A388568D7}.Debug|iPhone.Deploy.0 = Debug|iPhone
		{554D1259-6224-4FA9-ADD9-738A388568D7}.Debug|iPhoneSimulator.ActiveCfg = Debug|iPhoneSimulator
		{554D1259-6224-4FA9-ADD9-738A388568D7}.Debug|iPhoneSimulator.Build.0 = Debug|iPhoneSimulator
		{554D1259-6224-4FA9-ADD9-738A388568D7}.Debug|iPhoneSimulator.Deploy.0 = Debug|iPhoneSimulator
		{554D1259-6224-4FA9-ADD9-738A388568D7}.Release|Any CPU.ActiveCfg = Release|iPhoneSimulator
		{554D1259-6224-4FA9-ADD9-738A388568D7}.Release|Any CPU.Build.0 = Release|iPhoneSimulator
		{554D1259-6224-4FA9-ADD9-738A388568D7}.Release|Any CPU.Deploy.0 = Release|iPhoneSimulator
		{554D1259-6224-4FA9-ADD9-738A388568D7}.Release|iPhone.ActiveCfg = Release|iPhone
		{554D1259-6224-4FA9-ADD9-738A388568D7}.Release|iPhone.Build.0 = Release|iPhone
		{554D1259-6224-4FA9-ADD9-738A388568D7}.Release|iPhone.Deploy.0 = Release|iPhone
		{554D1259-6224-4FA9-ADD9-738A388568D7}.Release|iPhoneSimulator.ActiveCfg = Release|iPhoneSimulator
		{554D1259-6224-4FA9-ADD9-738A388568D7}.Release|iPhoneSimulator.Build.0 = Release|iPhoneSimulator
		{554D1259-6224-4FA9-ADD9-738A388568D7}.Release|iPhoneSimulator.Deploy.0 = Release|iPhoneSimulator
		{74A4B8C9-A802-4186-A5FE-4898150F00D4}.Debug|Any CPU.ActiveCfg = Debug|Any CPU
		{74A4B8C9-A802-4186-A5FE-4898150F00D4}.Debug|Any CPU.Build.0 = Debug|Any CPU
		{74A4B8C9-A802-4186-A5FE-4898150F00D4}.Debug|Any CPU.Deploy.0 = Debug|Any CPU
		{74A4B8C9-A802-4186-A5FE-4898150F00D4}.Debug|iPhone.ActiveCfg = Debug|Any CPU
		{74A4B8C9-A802-4186-A5FE-4898150F00D4}.Debug|iPhone.Build.0 = Debug|Any CPU
		{74A4B8C9-A802-4186-A5FE-4898150F00D4}.Debug|iPhone.Deploy.0 = Debug|Any CPU
		{74A4B8C9-A802-4186-A5FE-4898150F00D4}.Debug|iPhoneSimulator.ActiveCfg = Debug|Any CPU
		{74A4B8C9-A802-4186-A5FE-4898150F00D4}.Debug|iPhoneSimulator.Build.0 = Debug|Any CPU
		{74A4B8C9-A802-4186-A5FE-4898150F00D4}.Debug|iPhoneSimulator.Deploy.0 = Debug|Any CPU
		{74A4B8C9-A802-4186-A5FE-4898150F00D4}.Release|Any CPU.ActiveCfg = Release|Any CPU
		{74A4B8C9-A802-4186-A5FE-4898150F00D4}.Release|Any CPU.Build.0 = Release|Any CPU
		{74A4B8C9-A802-4186-A5FE-4898150F00D4}.Release|Any CPU.Deploy.0 = Release|Any CPU
		{74A4B8C9-A802-4186-A5FE-4898150F00D4}.Release|iPhone.ActiveCfg = Release|Any CPU
		{74A4B8C9-A802-4186-A5FE-4898150F00D4}.Release|iPhone.Build.0 = Release|Any CPU
		{74A4B8C9-A802-4186-A5FE-4898150F00D4}.Release|iPhone.Deploy.0 = Release|Any CPU
		{74A4B8C9-A802-4186-A5FE-4898150F00D4}.Release|iPhoneSimulator.ActiveCfg = Release|Any CPU
		{74A4B8C9-A802-4186-A5FE-4898150F00D4}.Release|iPhoneSimulator.Build.0 = Release|Any CPU
		{74A4B8C9-A802-4186-A5FE-4898150F00D4}.Release|iPhoneSimulator.Deploy.0 = Release|Any CPU
	EndGlobalSection
	GlobalSection(SolutionProperties) = preSolution
		HideSolutionNode = FALSE
	EndGlobalSection
	GlobalSection(ExtensibilityGlobals) = postSolution
		SolutionGuid = {87659B4A-46F1-43CF-831C-5C64EE5E9DEF}
	EndGlobalSection
EndGlobal
